
Microsoft Visual Studio Solution File, Format Version 12.00
Project("{2150E333-8FDC-42A3-9474-1A3956D46DE8}") = "src", "src", "{8EE14B8C-B99F-4BBF-995A-E92AAE026476}"
EndProject
Project("{2150E333-8FDC-42A3-9474-1A3956D46DE8}") = "tests", "tests", "{67927260-E2B3-4576-84A4-60973E194550}"
EndProject
Project("{2150E333-8FDC-42A3-9474-1A3956D46DE8}") = "Solution Items", "Solution Items", "{2664E55D-E6D2-4CCA-B23C-371569E734A9}"
	ProjectSection(SolutionItems) = preProject
		docker-compose.yml = docker-compose.yml
	EndProjectSection
EndProject
Project("{FAE04EC0-301F-11D3-BF4B-00C04F79EFBC}") = "Application", "src\Application\Application.csproj", "{B5F21589-A623-436B-BAC2-5B555CB60481}"
EndProject
Project("{FAE04EC0-301F-11D3-BF4B-00C04F79EFBC}") = "Web.API", "src\Web.API\Web.API.csproj", "{07FBFCDA-AA93-4228-8C50-5710D989DBC8}"
EndProject
Project("{FAE04EC0-301F-11D3-BF4B-00C04F79EFBC}") = "Domain", "src\Domain\Domain.csproj", "{18B8A44A-6552-4C95-B6C5-7241064189CA}"
EndProject
Project("{FAE04EC0-301F-11D3-BF4B-00C04F79EFBC}") = "Infrastructure", "src\Infrastructure\Infrastructure.csproj", "{D98F6A67-0ADA-43EB-9543-C7C66FAB754A}"
EndProject
Project("{FAE04EC0-301F-11D3-BF4B-00C04F79EFBC}") = "Persistence", "src\Persistence\Persistence.csproj", "{4438347C-101C-4EE4-8A1E-1CDF9673215E}"
EndProject
Project("{FAE04EC0-301F-11D3-BF4B-00C04F79EFBC}") = "ArchitectureTests", "tests\ArchitectureTests\ArchitectureTests.csproj", "{DCADF7EC-743C-4EBA-B045-45BDEDDB73F6}"
EndProject
Project("{FAE04EC0-301F-11D3-BF4B-00C04F79EFBC}") = "IntegrationTests", "tests\IntegrationTests\IntegrationTests.csproj", "{86CBB29B-0E15-4F6A-860F-AA284779A0E1}"
EndProject
Project("{FAE04EC0-301F-11D3-BF4B-00C04F79EFBC}") = "SharedKernel", "src\SharedKernel\SharedKernel.csproj", "{177BA002-9934-493A-BCDA-266479F507D0}"
EndProject
Project("{FAE04EC0-301F-11D3-BF4B-00C04F79EFBC}") = "Domain.UnitTests", "tests\Domain.UnitTests\Domain.UnitTests.csproj", "{7458E90A-5F2D-4310-A310-1CC1D1A53A93}"
EndProject
Global
	GlobalSection(SolutionConfigurationPlatforms) = preSolution
		Debug|Any CPU = Debug|Any CPU
		Release|Any CPU = Release|Any CPU
	EndGlobalSection
	GlobalSection(NestedProjects) = preSolution
		{B5F21589-A623-436B-BAC2-5B555CB60481} = {8EE14B8C-B99F-4BBF-995A-E92AAE026476}
		{07FBFCDA-AA93-4228-8C50-5710D989DBC8} = {8EE14B8C-B99F-4BBF-995A-E92AAE026476}
		{18B8A44A-6552-4C95-B6C5-7241064189CA} = {8EE14B8C-B99F-4BBF-995A-E92AAE026476}
		{D98F6A67-0ADA-43EB-9543-C7C66FAB754A} = {8EE14B8C-B99F-4BBF-995A-E92AAE026476}
		{4438347C-101C-4EE4-8A1E-1CDF9673215E} = {8EE14B8C-B99F-4BBF-995A-E92AAE026476}
		{DCADF7EC-743C-4EBA-B045-45BDEDDB73F6} = {67927260-E2B3-4576-84A4-60973E194550}
		{86CBB29B-0E15-4F6A-860F-AA284779A0E1} = {67927260-E2B3-4576-84A4-60973E194550}
		{177BA002-9934-493A-BCDA-266479F507D0} = {8EE14B8C-B99F-4BBF-995A-E92AAE026476}
		{7458E90A-5F2D-4310-A310-1CC1D1A53A93} = {67927260-E2B3-4576-84A4-60973E194550}
	EndGlobalSection
	GlobalSection(ProjectConfigurationPlatforms) = postSolution
		{B5F21589-A623-436B-BAC2-5B555CB60481}.Debug|Any CPU.ActiveCfg = Debug|Any CPU
		{B5F21589-A623-436B-BAC2-5B555CB60481}.Debug|Any CPU.Build.0 = Debug|Any CPU
		{B5F21589-A623-436B-BAC2-5B555CB60481}.Release|Any CPU.ActiveCfg = Release|Any CPU
		{B5F21589-A623-436B-BAC2-5B555CB60481}.Release|Any CPU.Build.0 = Release|Any CPU
		{07FBFCDA-AA93-4228-8C50-5710D989DBC8}.Debug|Any CPU.ActiveCfg = Debug|Any CPU
		{07FBFCDA-AA93-4228-8C50-5710D989DBC8}.Debug|Any CPU.Build.0 = Debug|Any CPU
		{07FBFCDA-AA93-4228-8C50-5710D989DBC8}.Release|Any CPU.ActiveCfg = Release|Any CPU
		{07FBFCDA-AA93-4228-8C50-5710D989DBC8}.Release|Any CPU.Build.0 = Release|Any CPU
		{18B8A44A-6552-4C95-B6C5-7241064189CA}.Debug|Any CPU.ActiveCfg = Debug|Any CPU
		{18B8A44A-6552-4C95-B6C5-7241064189CA}.Debug|Any CPU.Build.0 = Debug|Any CPU
		{18B8A44A-6552-4C95-B6C5-7241064189CA}.Release|Any CPU.ActiveCfg = Release|Any CPU
		{18B8A44A-6552-4C95-B6C5-7241064189CA}.Release|Any CPU.Build.0 = Release|Any CPU
		{D98F6A67-0ADA-43EB-9543-C7C66FAB754A}.Debug|Any CPU.ActiveCfg = Debug|Any CPU
		{D98F6A67-0ADA-43EB-9543-C7C66FAB754A}.Debug|Any CPU.Build.0 = Debug|Any CPU
		{D98F6A67-0ADA-43EB-9543-C7C66FAB754A}.Release|Any CPU.ActiveCfg = Release|Any CPU
		{D98F6A67-0ADA-43EB-9543-C7C66FAB754A}.Release|Any CPU.Build.0 = Release|Any CPU
		{4438347C-101C-4EE4-8A1E-1CDF9673215E}.Debug|Any CPU.ActiveCfg = Debug|Any CPU
		{4438347C-101C-4EE4-8A1E-1CDF9673215E}.Debug|Any CPU.Build.0 = Debug|Any CPU
		{4438347C-101C-4EE4-8A1E-1CDF9673215E}.Release|Any CPU.ActiveCfg = Release|Any CPU
		{4438347C-101C-4EE4-8A1E-1CDF9673215E}.Release|Any CPU.Build.0 = Release|Any CPU
		{DCADF7EC-743C-4EBA-B045-45BDEDDB73F6}.Debug|Any CPU.ActiveCfg = Debug|Any CPU
		{DCADF7EC-743C-4EBA-B045-45BDEDDB73F6}.Debug|Any CPU.Build.0 = Debug|Any CPU
		{DCADF7EC-743C-4EBA-B045-45BDEDDB73F6}.Release|Any CPU.ActiveCfg = Release|Any CPU
		{DCADF7EC-743C-4EBA-B045-45BDEDDB73F6}.Release|Any CPU.Build.0 = Release|Any CPU
		{86CBB29B-0E15-4F6A-860F-AA284779A0E1}.Debug|Any CPU.ActiveCfg = Debug|Any CPU
		{86CBB29B-0E15-4F6A-860F-AA284779A0E1}.Debug|Any CPU.Build.0 = Debug|Any CPU
		{86CBB29B-0E15-4F6A-860F-AA284779A0E1}.Release|Any CPU.ActiveCfg = Release|Any CPU
		{86CBB29B-0E15-4F6A-860F-AA284779A0E1}.Release|Any CPU.Build.0 = Release|Any CPU
		{177BA002-9934-493A-BCDA-266479F507D0}.Debug|Any CPU.ActiveCfg = Debug|Any CPU
		{177BA002-9934-493A-BCDA-266479F507D0}.Debug|Any CPU.Build.0 = Debug|Any CPU
		{177BA002-9934-493A-BCDA-266479F507D0}.Release|Any CPU.ActiveCfg = Release|Any CPU
		{177BA002-9934-493A-BCDA-266479F507D0}.Release|Any CPU.Build.0 = Release|Any CPU
		{7458E90A-5F2D-4310-A310-1CC1D1A53A93}.Debug|Any CPU.ActiveCfg = Debug|Any CPU
		{7458E90A-5F2D-4310-A310-1CC1D1A53A93}.Debug|Any CPU.Build.0 = Debug|Any CPU
		{7458E90A-5F2D-4310-A310-1CC1D1A53A93}.Release|Any CPU.ActiveCfg = Release|Any CPU
		{7458E90A-5F2D-4310-A310-1CC1D1A53A93}.Release|Any CPU.Build.0 = Release|Any CPU
	EndGlobalSection
EndGlobal
