
Microsoft Visual Studio Solution File, Format Version 12.00
Project("{2150E333-8FDC-42A3-9474-1A3956D46DE8}") = "src", "src", "{8EE14B8C-B99F-4BBF-995A-E92AAE026476}"
EndProject
Project("{FAE04EC0-301F-11D3-BF4B-00C04F79EFBC}") = "Domain", "Domain\Domain.csproj", "{28AC6ABB-9EAE-45E1-92FC-B0B0FFE5801C}"
EndProject
Project("{FAE04EC0-301F-11D3-BF4B-00C04F79EFBC}") = "Application", "Application\Application.csproj", "{F45B9618-E792-4007-88A0-D29153AA63DD}"
EndProject
Project("{FAE04EC0-301F-11D3-BF4B-00C04F79EFBC}") = "Infrastructure", "Infrastructure\Infrastructure.csproj", "{17C8744B-654D-4196-960B-30315B4B676C}"
EndProject
Project("{FAE04EC0-301F-11D3-BF4B-00C04F79EFBC}") = "Persistence", "Persistence\Persistence.csproj", "{1053442F-39DB-47CA-8BBE-255E2843A80C}"
EndProject
Project("{FAE04EC0-301F-11D3-BF4B-00C04F79EFBC}") = "Presentation", "Presentation\Presentation.csproj", "{81F0809B-90D9-4BCE-819C-B83275720556}"
EndProject
Project("{FAE04EC0-301F-11D3-BF4B-00C04F79EFBC}") = "WebAPI", "WebAPI\WebAPI.csproj", "{726BB6D6-4AE3-4AF2-AEFE-84FFF7B01EAC}"
EndProject
Project("{2150E333-8FDC-42A3-9474-1A3956D46DE8}") = "tests", "tests", "{67927260-E2B3-4576-84A4-60973E194550}"
EndProject
Project("{FAE04EC0-301F-11D3-BF4B-00C04F79EFBC}") = "IntegrationTests", "IntegrationTests\IntegrationTests.csproj", "{24ED5503-CCBE-4E5F-99D8-8F818CFBCBC3}"
EndProject
Project("{FAE04EC0-301F-11D3-BF4B-00C04F79EFBC}") = "ArchitectureTests", "ArchitectureTests\ArchitectureTests.csproj", "{D3710639-2F62-44F2-AA23-07340024EEF5}"
EndProject
Global
	GlobalSection(SolutionConfigurationPlatforms) = preSolution
		Debug|Any CPU = Debug|Any CPU
		Release|Any CPU = Release|Any CPU
	EndGlobalSection
	GlobalSection(NestedProjects) = preSolution
		{28AC6ABB-9EAE-45E1-92FC-B0B0FFE5801C} = {8EE14B8C-B99F-4BBF-995A-E92AAE026476}
		{F45B9618-E792-4007-88A0-D29153AA63DD} = {8EE14B8C-B99F-4BBF-995A-E92AAE026476}
		{17C8744B-654D-4196-960B-30315B4B676C} = {8EE14B8C-B99F-4BBF-995A-E92AAE026476}
		{1053442F-39DB-47CA-8BBE-255E2843A80C} = {8EE14B8C-B99F-4BBF-995A-E92AAE026476}
		{81F0809B-90D9-4BCE-819C-B83275720556} = {8EE14B8C-B99F-4BBF-995A-E92AAE026476}
		{726BB6D6-4AE3-4AF2-AEFE-84FFF7B01EAC} = {8EE14B8C-B99F-4BBF-995A-E92AAE026476}
		{24ED5503-CCBE-4E5F-99D8-8F818CFBCBC3} = {67927260-E2B3-4576-84A4-60973E194550}
		{D3710639-2F62-44F2-AA23-07340024EEF5} = {67927260-E2B3-4576-84A4-60973E194550}
	EndGlobalSection
	GlobalSection(ProjectConfigurationPlatforms) = postSolution
		{28AC6ABB-9EAE-45E1-92FC-B0B0FFE5801C}.Debug|Any CPU.ActiveCfg = Debug|Any CPU
		{28AC6ABB-9EAE-45E1-92FC-B0B0FFE5801C}.Debug|Any CPU.Build.0 = Debug|Any CPU
		{28AC6ABB-9EAE-45E1-92FC-B0B0FFE5801C}.Release|Any CPU.ActiveCfg = Release|Any CPU
		{28AC6ABB-9EAE-45E1-92FC-B0B0FFE5801C}.Release|Any CPU.Build.0 = Release|Any CPU
		{F45B9618-E792-4007-88A0-D29153AA63DD}.Debug|Any CPU.ActiveCfg = Debug|Any CPU
		{F45B9618-E792-4007-88A0-D29153AA63DD}.Debug|Any CPU.Build.0 = Debug|Any CPU
		{F45B9618-E792-4007-88A0-D29153AA63DD}.Release|Any CPU.ActiveCfg = Release|Any CPU
		{F45B9618-E792-4007-88A0-D29153AA63DD}.Release|Any CPU.Build.0 = Release|Any CPU
		{17C8744B-654D-4196-960B-30315B4B676C}.Debug|Any CPU.ActiveCfg = Debug|Any CPU
		{17C8744B-654D-4196-960B-30315B4B676C}.Debug|Any CPU.Build.0 = Debug|Any CPU
		{17C8744B-654D-4196-960B-30315B4B676C}.Release|Any CPU.ActiveCfg = Release|Any CPU
		{17C8744B-654D-4196-960B-30315B4B676C}.Release|Any CPU.Build.0 = Release|Any CPU
		{1053442F-39DB-47CA-8BBE-255E2843A80C}.Debug|Any CPU.ActiveCfg = Debug|Any CPU
		{1053442F-39DB-47CA-8BBE-255E2843A80C}.Debug|Any CPU.Build.0 = Debug|Any CPU
		{1053442F-39DB-47CA-8BBE-255E2843A80C}.Release|Any CPU.ActiveCfg = Release|Any CPU
		{1053442F-39DB-47CA-8BBE-255E2843A80C}.Release|Any CPU.Build.0 = Release|Any CPU
		{81F0809B-90D9-4BCE-819C-B83275720556}.Debug|Any CPU.ActiveCfg = Debug|Any CPU
		{81F0809B-90D9-4BCE-819C-B83275720556}.Debug|Any CPU.Build.0 = Debug|Any CPU
		{81F0809B-90D9-4BCE-819C-B83275720556}.Release|Any CPU.ActiveCfg = Release|Any CPU
		{81F0809B-90D9-4BCE-819C-B83275720556}.Release|Any CPU.Build.0 = Release|Any CPU
		{726BB6D6-4AE3-4AF2-AEFE-84FFF7B01EAC}.Debug|Any CPU.ActiveCfg = Debug|Any CPU
		{726BB6D6-4AE3-4AF2-AEFE-84FFF7B01EAC}.Debug|Any CPU.Build.0 = Debug|Any CPU
		{726BB6D6-4AE3-4AF2-AEFE-84FFF7B01EAC}.Release|Any CPU.ActiveCfg = Release|Any CPU
		{726BB6D6-4AE3-4AF2-AEFE-84FFF7B01EAC}.Release|Any CPU.Build.0 = Release|Any CPU
		{24ED5503-CCBE-4E5F-99D8-8F818CFBCBC3}.Debug|Any CPU.ActiveCfg = Debug|Any CPU
		{24ED5503-CCBE-4E5F-99D8-8F818CFBCBC3}.Debug|Any CPU.Build.0 = Debug|Any CPU
		{24ED5503-CCBE-4E5F-99D8-8F818CFBCBC3}.Release|Any CPU.ActiveCfg = Release|Any CPU
		{24ED5503-CCBE-4E5F-99D8-8F818CFBCBC3}.Release|Any CPU.Build.0 = Release|Any CPU
		{D3710639-2F62-44F2-AA23-07340024EEF5}.Debug|Any CPU.ActiveCfg = Debug|Any CPU
		{D3710639-2F62-44F2-AA23-07340024EEF5}.Debug|Any CPU.Build.0 = Debug|Any CPU
		{D3710639-2F62-44F2-AA23-07340024EEF5}.Release|Any CPU.ActiveCfg = Release|Any CPU
		{D3710639-2F62-44F2-AA23-07340024EEF5}.Release|Any CPU.Build.0 = Release|Any CPU
	EndGlobalSection
EndGlobal
